
Microsoft Visual Studio Solution File, Format Version 12.00
# Visual Studio Version 16
VisualStudioVersion = 16.0.32002.261
MinimumVisualStudioVersion = 10.0.40219.1
Project("{FAE04EC0-301F-11D3-BF4B-00C04F79EFBC}") = "Client", "Client\Client.csproj", "{5CB81727-FFC3-426B-8848-D18C413075CF}"
EndProject
Project("{FAE04EC0-301F-11D3-BF4B-00C04F79EFBC}") = "Server", "Server\Server.csproj", "{CE5F6858-2005-456A-B85F-4C08936D0BEE}"
EndProject
Global
	GlobalSection(SolutionConfigurationPlatforms) = preSolution
		Debug|Any CPU = Debug|Any CPU
		Release|Any CPU = Release|Any CPU
	EndGlobalSection
	GlobalSection(ProjectConfigurationPlatforms) = postSolution
		{5CB81727-FFC3-426B-8848-D18C413075CF}.Debug|Any CPU.ActiveCfg = Debug|Any CPU
		{5CB81727-FFC3-426B-8848-D18C413075CF}.Debug|Any CPU.Build.0 = Debug|Any CPU
		{5CB81727-FFC3-426B-8848-D18C413075CF}.Release|Any CPU.ActiveCfg = Release|Any CPU
		{5CB81727-FFC3-426B-8848-D18C413075CF}.Release|Any CPU.Build.0 = Release|Any CPU
		{CE5F6858-2005-456A-B85F-4C08936D0BEE}.Debug|Any CPU.ActiveCfg = Debug|Any CPU
		{CE5F6858-2005-456A-B85F-4C08936D0BEE}.Debug|Any CPU.Build.0 = Debug|Any CPU
		{CE5F6858-2005-456A-B85F-4C08936D0BEE}.Release|Any CPU.ActiveCfg = Release|Any CPU
		{CE5F6858-2005-456A-B85F-4C08936D0BEE}.Release|Any CPU.Build.0 = Release|Any CPU
	EndGlobalSection
	GlobalSection(SolutionProperties) = preSolution
		HideSolutionNode = FALSE
	EndGlobalSection
	GlobalSection(ExtensibilityGlobals) = postSolution
		SolutionGuid = {845CD6A8-D521-4D6C-8276-5FD4408A6698}
	EndGlobalSection
EndGlobal
